
Microsoft Visual Studio Solution File, Format Version 12.00
# Visual Studio Version 16
VisualStudioVersion = 16.0.31702.278
MinimumVisualStudioVersion = 10.0.40219.1
Project("{9A19103F-16F7-4668-BE54-9A1E7A4F7556}") = "Meli.WepApi", "Meli.WepApi\Meli.WepApi.csproj", "{AFCB82C6-F654-4063-92AE-5FFF52224336}"
EndProject
Project("{2150E333-8FDC-42A3-9474-1A3956D46DE8}") = "01.WebApi", "01.WebApi", "{FB874BD6-3E09-47C2-9279-304F9DDA8E43}"
EndProject
Project("{2150E333-8FDC-42A3-9474-1A3956D46DE8}") = "02.Service", "02.Service", "{63FB6612-6B0A-43F4-ACDA-3D6C22913C95}"
EndProject
Project("{2150E333-8FDC-42A3-9474-1A3956D46DE8}") = "03.AccessLayer", "03.AccessLayer", "{B477B07F-609C-4B6B-94F1-75DBE5C8E2A3}"
EndProject
Project("{2150E333-8FDC-42A3-9474-1A3956D46DE8}") = "04.Common", "04.Common", "{AD6C05C3-0E75-4351-B9B4-52F22776A7A1}"
EndProject
Project("{9A19103F-16F7-4668-BE54-9A1E7A4F7556}") = "Meli.ServiceLayer", "Meli.ServiceLayer\Meli.ServiceLayer.csproj", "{D769769C-7422-474D-99AD-59D513972A36}"
EndProject
Project("{9A19103F-16F7-4668-BE54-9A1E7A4F7556}") = "Meli.Common", "Meli.Common\Meli.Common.csproj", "{74D2698E-D154-4D33-B7B2-EA5A998BE47F}"
EndProject
Project("{FAE04EC0-301F-11D3-BF4B-00C04F79EFBC}") = "Meli.AccessLayer", "Meli.AccessLayer\Meli.AccessLayer.csproj", "{9963AC86-DACD-456D-8D90-3896ACAEFCF8}"
EndProject
Project("{2150E333-8FDC-42A3-9474-1A3956D46DE8}") = "05.MeliTest", "05.MeliTest", "{8E300880-B485-4CA1-83F3-FB5A675896BC}"
EndProject
Project("{FAE04EC0-301F-11D3-BF4B-00C04F79EFBC}") = "Meli.Test", "Meli.Test\Meli.Test.csproj", "{9725431D-6A93-4A02-80EC-E641D59CF836}"
EndProject
Global
	GlobalSection(SolutionConfigurationPlatforms) = preSolution
		Debug|Any CPU = Debug|Any CPU
		Release|Any CPU = Release|Any CPU
	EndGlobalSection
	GlobalSection(ProjectConfigurationPlatforms) = postSolution
		{AFCB82C6-F654-4063-92AE-5FFF52224336}.Debug|Any CPU.ActiveCfg = Debug|Any CPU
		{AFCB82C6-F654-4063-92AE-5FFF52224336}.Debug|Any CPU.Build.0 = Debug|Any CPU
		{AFCB82C6-F654-4063-92AE-5FFF52224336}.Release|Any CPU.ActiveCfg = Release|Any CPU
		{AFCB82C6-F654-4063-92AE-5FFF52224336}.Release|Any CPU.Build.0 = Release|Any CPU
		{D769769C-7422-474D-99AD-59D513972A36}.Debug|Any CPU.ActiveCfg = Debug|Any CPU
		{D769769C-7422-474D-99AD-59D513972A36}.Debug|Any CPU.Build.0 = Debug|Any CPU
		{D769769C-7422-474D-99AD-59D513972A36}.Release|Any CPU.ActiveCfg = Release|Any CPU
		{D769769C-7422-474D-99AD-59D513972A36}.Release|Any CPU.Build.0 = Release|Any CPU
		{74D2698E-D154-4D33-B7B2-EA5A998BE47F}.Debug|Any CPU.ActiveCfg = Debug|Any CPU
		{74D2698E-D154-4D33-B7B2-EA5A998BE47F}.Debug|Any CPU.Build.0 = Debug|Any CPU
		{74D2698E-D154-4D33-B7B2-EA5A998BE47F}.Release|Any CPU.ActiveCfg = Release|Any CPU
		{74D2698E-D154-4D33-B7B2-EA5A998BE47F}.Release|Any CPU.Build.0 = Release|Any CPU
		{9963AC86-DACD-456D-8D90-3896ACAEFCF8}.Debug|Any CPU.ActiveCfg = Debug|Any CPU
		{9963AC86-DACD-456D-8D90-3896ACAEFCF8}.Debug|Any CPU.Build.0 = Debug|Any CPU
		{9963AC86-DACD-456D-8D90-3896ACAEFCF8}.Release|Any CPU.ActiveCfg = Release|Any CPU
		{9963AC86-DACD-456D-8D90-3896ACAEFCF8}.Release|Any CPU.Build.0 = Release|Any CPU
		{9725431D-6A93-4A02-80EC-E641D59CF836}.Debug|Any CPU.ActiveCfg = Debug|Any CPU
		{9725431D-6A93-4A02-80EC-E641D59CF836}.Debug|Any CPU.Build.0 = Debug|Any CPU
		{9725431D-6A93-4A02-80EC-E641D59CF836}.Release|Any CPU.ActiveCfg = Release|Any CPU
		{9725431D-6A93-4A02-80EC-E641D59CF836}.Release|Any CPU.Build.0 = Release|Any CPU
	EndGlobalSection
	GlobalSection(SolutionProperties) = preSolution
		HideSolutionNode = FALSE
	EndGlobalSection
	GlobalSection(NestedProjects) = preSolution
		{AFCB82C6-F654-4063-92AE-5FFF52224336} = {FB874BD6-3E09-47C2-9279-304F9DDA8E43}
		{D769769C-7422-474D-99AD-59D513972A36} = {63FB6612-6B0A-43F4-ACDA-3D6C22913C95}
		{74D2698E-D154-4D33-B7B2-EA5A998BE47F} = {AD6C05C3-0E75-4351-B9B4-52F22776A7A1}
		{9963AC86-DACD-456D-8D90-3896ACAEFCF8} = {B477B07F-609C-4B6B-94F1-75DBE5C8E2A3}
		{9725431D-6A93-4A02-80EC-E641D59CF836} = {8E300880-B485-4CA1-83F3-FB5A675896BC}
	EndGlobalSection
	GlobalSection(ExtensibilityGlobals) = postSolution
		SolutionGuid = {5B6468AD-F4DD-4FE3-8778-390647CDA06A}
	EndGlobalSection
EndGlobal
